
Microsoft Visual Studio Solution File, Format Version 12.00
# Visual Studio Version 17
VisualStudioVersion = 17.2.32526.322
MinimumVisualStudioVersion = 10.0.40219.1
Project("{9A19103F-16F7-4668-BE54-9A1E7A4F7556}") = "BE_22042024", "BE_22042024\BE_22042024.csproj", "{7AEAC8C5-6237-4B14-A489-BC31580EBE62}"
EndProject
Project("{FAE04EC0-301F-11D3-BF4B-00C04F79EFBC}") = "WebNetFrameWork", "WebNetFrameWork\WebNetFrameWork.csproj", "{30F1862D-F380-4099-B358-CEB7CFF5227F}"
EndProject
Project("{FAE04EC0-301F-11D3-BF4B-00C04F79EFBC}") = "CSharpCoBan", "CSharpCoBan\CSharpCoBan.csproj", "{948790E1-1FAD-4011-98F4-EA2ABB1A133D}"
EndProject
Project("{FAE04EC0-301F-11D3-BF4B-00C04F79EFBC}") = "CommonLibs", "CommonLibs\CommonLibs.csproj", "{90307E9A-271F-4A68-B1B4-A5F7DE73441F}"
EndProject
Project("{FAE04EC0-301F-11D3-BF4B-00C04F79EFBC}") = "BE_2204.DataAccess", "BE_2204.DataAccess\BE_2204.DataAccess.csproj", "{03A64812-1389-4038-B706-9CF46B4E7125}"
EndProject
Project("{9A19103F-16F7-4668-BE54-9A1E7A4F7556}") = "EBook.DataAccess.NetCore", "EBook.DataAccess.NetCore\EBook.DataAccess.NetCore.csproj", "{DBE7A27E-1767-4DA0-8F42-99A0E51C42FE}"
EndProject
Project("{9A19103F-16F7-4668-BE54-9A1E7A4F7556}") = "BookConsole.NetCore", "BookConsole.NetCore\BookConsole.NetCore.csproj", "{586E71B1-0A9C-4335-AF31-F485F8A9C2D2}"
EndProject
Project("{9A19103F-16F7-4668-BE54-9A1E7A4F7556}") = "Eshop.Common", "Eshop.Common\Eshop.Common.csproj", "{0BA8A606-9B6C-4EE6-A1FC-5C403AEDBFC2}"
EndProject
Project("{FAE04EC0-301F-11D3-BF4B-00C04F79EFBC}") = "WebMVC_NetCore", "WebMVC_NetCore\WebMVC_NetCore.csproj", "{47161F16-2F89-4A18-A376-1E4FFA9246F9}"
EndProject
Global
	GlobalSection(SolutionConfigurationPlatforms) = preSolution
		Debug|Any CPU = Debug|Any CPU
		Release|Any CPU = Release|Any CPU
	EndGlobalSection
	GlobalSection(ProjectConfigurationPlatforms) = postSolution
		{7AEAC8C5-6237-4B14-A489-BC31580EBE62}.Debug|Any CPU.ActiveCfg = Debug|Any CPU
		{7AEAC8C5-6237-4B14-A489-BC31580EBE62}.Debug|Any CPU.Build.0 = Debug|Any CPU
		{7AEAC8C5-6237-4B14-A489-BC31580EBE62}.Release|Any CPU.ActiveCfg = Release|Any CPU
		{7AEAC8C5-6237-4B14-A489-BC31580EBE62}.Release|Any CPU.Build.0 = Release|Any CPU
		{30F1862D-F380-4099-B358-CEB7CFF5227F}.Debug|Any CPU.ActiveCfg = Debug|Any CPU
		{30F1862D-F380-4099-B358-CEB7CFF5227F}.Debug|Any CPU.Build.0 = Debug|Any CPU
		{30F1862D-F380-4099-B358-CEB7CFF5227F}.Release|Any CPU.ActiveCfg = Release|Any CPU
		{30F1862D-F380-4099-B358-CEB7CFF5227F}.Release|Any CPU.Build.0 = Release|Any CPU
		{948790E1-1FAD-4011-98F4-EA2ABB1A133D}.Debug|Any CPU.ActiveCfg = Debug|Any CPU
		{948790E1-1FAD-4011-98F4-EA2ABB1A133D}.Debug|Any CPU.Build.0 = Debug|Any CPU
		{948790E1-1FAD-4011-98F4-EA2ABB1A133D}.Release|Any CPU.ActiveCfg = Release|Any CPU
		{948790E1-1FAD-4011-98F4-EA2ABB1A133D}.Release|Any CPU.Build.0 = Release|Any CPU
		{90307E9A-271F-4A68-B1B4-A5F7DE73441F}.Debug|Any CPU.ActiveCfg = Debug|Any CPU
		{90307E9A-271F-4A68-B1B4-A5F7DE73441F}.Debug|Any CPU.Build.0 = Debug|Any CPU
		{90307E9A-271F-4A68-B1B4-A5F7DE73441F}.Release|Any CPU.ActiveCfg = Release|Any CPU
		{90307E9A-271F-4A68-B1B4-A5F7DE73441F}.Release|Any CPU.Build.0 = Release|Any CPU
		{03A64812-1389-4038-B706-9CF46B4E7125}.Debug|Any CPU.ActiveCfg = Debug|Any CPU
		{03A64812-1389-4038-B706-9CF46B4E7125}.Debug|Any CPU.Build.0 = Debug|Any CPU
		{03A64812-1389-4038-B706-9CF46B4E7125}.Release|Any CPU.ActiveCfg = Release|Any CPU
		{03A64812-1389-4038-B706-9CF46B4E7125}.Release|Any CPU.Build.0 = Release|Any CPU
		{DBE7A27E-1767-4DA0-8F42-99A0E51C42FE}.Debug|Any CPU.ActiveCfg = Debug|Any CPU
		{DBE7A27E-1767-4DA0-8F42-99A0E51C42FE}.Debug|Any CPU.Build.0 = Debug|Any CPU
		{DBE7A27E-1767-4DA0-8F42-99A0E51C42FE}.Release|Any CPU.ActiveCfg = Release|Any CPU
		{DBE7A27E-1767-4DA0-8F42-99A0E51C42FE}.Release|Any CPU.Build.0 = Release|Any CPU
		{586E71B1-0A9C-4335-AF31-F485F8A9C2D2}.Debug|Any CPU.ActiveCfg = Debug|Any CPU
		{586E71B1-0A9C-4335-AF31-F485F8A9C2D2}.Debug|Any CPU.Build.0 = Debug|Any CPU
		{586E71B1-0A9C-4335-AF31-F485F8A9C2D2}.Release|Any CPU.ActiveCfg = Release|Any CPU
		{586E71B1-0A9C-4335-AF31-F485F8A9C2D2}.Release|Any CPU.Build.0 = Release|Any CPU
		{0BA8A606-9B6C-4EE6-A1FC-5C403AEDBFC2}.Debug|Any CPU.ActiveCfg = Debug|Any CPU
		{0BA8A606-9B6C-4EE6-A1FC-5C403AEDBFC2}.Debug|Any CPU.Build.0 = Debug|Any CPU
		{0BA8A606-9B6C-4EE6-A1FC-5C403AEDBFC2}.Release|Any CPU.ActiveCfg = Release|Any CPU
		{0BA8A606-9B6C-4EE6-A1FC-5C403AEDBFC2}.Release|Any CPU.Build.0 = Release|Any CPU
		{47161F16-2F89-4A18-A376-1E4FFA9246F9}.Debug|Any CPU.ActiveCfg = Debug|Any CPU
		{47161F16-2F89-4A18-A376-1E4FFA9246F9}.Debug|Any CPU.Build.0 = Debug|Any CPU
		{47161F16-2F89-4A18-A376-1E4FFA9246F9}.Release|Any CPU.ActiveCfg = Release|Any CPU
		{47161F16-2F89-4A18-A376-1E4FFA9246F9}.Release|Any CPU.Build.0 = Release|Any CPU
	EndGlobalSection
	GlobalSection(SolutionProperties) = preSolution
		HideSolutionNode = FALSE
	EndGlobalSection
	GlobalSection(ExtensibilityGlobals) = postSolution
		SolutionGuid = {504C0EC5-86B1-49CA-9CBE-FA830956E1B9}
	EndGlobalSection
EndGlobal
